payload:
- DOMAIN-KEYWORD,-ad.wtzw.com
- DOMAIN-KEYWORD,-ad.adukwai.com
- DOMAIN-KEYWORD,-ad.gskwai.com
- DOMAIN-KEYWORD,-ad.adbkwai.com
- DOMAIN-SUFFIX,click4.chinaliftoff.io
- DOMAIN-SUFFIX,adexp.chinaliftoff.io
- DOMAIN-SUFFIX,click.chinaliftoff.io
- DOMAIN-SUFFIX,impression-asia.chinaliftoff.io
- DOMAIN-SUFFIX,adexp.liftoff.io
- DOMAIN-SUFFIX,click.liftoff.io
- DOMAIN-SUFFIX,impression-asia.liftoff.io
- DOMAIN-SUFFIX,ms-ads-monitoring-events.presage.io
- DOMAIN-SUFFIX,jpush.io
- DOMAIN-SUFFIX,events.hotjar.io
- DOMAIN-SUFFIX,cdn.chinaliftoff-creatives.io
- DOMAIN-SUFFIX,cdn.liftoff-creatives.io
- DOMAIN-SUFFIX,sdkconfig.ad.xiaomi.com
- DOMAIN-SUFFIX,globalapi.ad.xiaomi.com
- DOMAIN-SUFFIX,log.ad.xiaomi.com
- DOMAIN-SUFFIX,test.ad.xiaomi.com
- DOMAIN-SUFFIX,e.ad.xiaomi.com
- DOMAIN-SUFFIX,api.ad.xiaomi.com
- DOMAIN-SUFFIX,diagnosis.ad.xiaomi.com
- DOMAIN-SUFFIX,zeus.ad.xiaomi.com
- DOMAIN-SUFFIX,t.track.ad.xiaomi.com
- DOMAIN-SUFFIX,a.market.xiaomi.com
- DOMAIN-SUFFIX,video.market.xiaomi.com
- DOMAIN-SUFFIX,o2o.api.xiaomi.com
- DOMAIN-SUFFIX,sdkconfig.ad.intl.xiaomi.com
- DOMAIN-SUFFIX,tracker.ai.xiaomi.com
- DOMAIN-SUFFIX,data.mistat.xiaomi.com
- DOMAIN-SUFFIX,api.installer.xiaomi.com
- DOMAIN-SUFFIX,data.mistat.india.xiaomi.com
- DOMAIN-SUFFIX,a0.app.xiaomi.com
- DOMAIN-SUFFIX,tz.sec.xiaomi.com
- DOMAIN-SUFFIX,data.mistat.rus.xiaomi.com
- DOMAIN-SUFFIX,et-eus.w.inmobi.com
- DOMAIN-SUFFIX,config.inmobi.com
- DOMAIN-SUFFIX,telemetry.sdk.inmobi.com
- DOMAIN-SUFFIX,ads.inmobi.com
- DOMAIN-SUFFIX,tj.b.qq.com
- DOMAIN-SUFFIX,oth.str.mdt.qq.com
- DOMAIN-SUFFIX,oth.eve.mdt.qq.com
- DOMAIN-SUFFIX,jpush.html5.qq.com
- DOMAIN-SUFFIX,adfilter.imtt.qq.com
- DOMAIN-SUFFIX,cfg.imtt.qq.com
- DOMAIN-SUFFIX,advert-prod.hyrz.qq.com
- DOMAIN-SUFFIX,rpt.gdt.qq.com
- DOMAIN-SUFFIX,mi.gdt.qq.com
- DOMAIN-SUFFIX,v.gdt.qq.com
- DOMAIN-SUFFIX,ii.gdt.qq.com
- DOMAIN-SUFFIX,c3.gdt.qq.com
- DOMAIN-SUFFIX,qzs.gdt.qq.com
- DOMAIN-SUFFIX,v3.gdt.qq.com
- DOMAIN-SUFFIX,c2.gdt.qq.com
- DOMAIN-SUFFIX,sdk.gdt.qq.com
- DOMAIN-SUFFIX,v2.gdt.qq.com
- DOMAIN-SUFFIX,xc.gdt.qq.com
- DOMAIN-SUFFIX,v2mi.gdt.qq.com
- DOMAIN-SUFFIX,ttc.gdt.qq.com
- DOMAIN-SUFFIX,q.i.gdt.qq.com
- DOMAIN-SUFFIX,canvas-cdn.gdt.qq.com
- DOMAIN-SUFFIX,win.gdt.qq.com
- DOMAIN-SUFFIX,tmfmazu-wangka.m.qq.com
- DOMAIN-SUFFIX,tmfsdktcpv4.m.qq.com
- DOMAIN-SUFFIX,tmfmazu.m.qq.com
- DOMAIN-SUFFIX,tmfsdk.m.qq.com
- DOMAIN-SUFFIX,mazu.m.qq.com
- DOMAIN-SUFFIX,p2pupdate.gamedl.qq.com
- DOMAIN-SUFFIX,p2pupgrade.gamedl.qq.com
- DOMAIN-SUFFIX,stat.y.qq.com
- DOMAIN-SUFFIX,tmead.y.qq.com
- DOMAIN-SUFFIX,tmeadcomm.y.qq.com
- DOMAIN-SUFFIX,ios.bugly.qq.com
- DOMAIN-SUFFIX,log.tbs.qq.com
- DOMAIN-SUFFIX,video.dispatch.tc.qq.com
- DOMAIN-SUFFIX,wxsnsad.tc.qq.com
- DOMAIN-SUFFIX,wxsnsdy.tc.qq.com
- DOMAIN-SUFFIX,vlive.qqvideo.tc.qq.com
- DOMAIN-SUFFIX,sdkreport.e.qq.com
- DOMAIN-SUFFIX,tangram.e.qq.com
- DOMAIN-SUFFIX,sdk.e.qq.com
- DOMAIN-SUFFIX,wxsmw.wxs.qq.com
- DOMAIN-SUFFIX,wxsnsdythumb.wxs.qq.com
- DOMAIN-SUFFIX,wxa.wxs.qq.com
- DOMAIN-SUFFIX,wximg.wxs.qq.com
- DOMAIN-SUFFIX,tj.video.qq.com
- DOMAIN-SUFFIX,lives.l.ott.video.qq.com
- DOMAIN-SUFFIX,sdkconfig.video.qq.com
- DOMAIN-SUFFIX,ad.qq.com
- DOMAIN-SUFFIX,kde.qq.com
- DOMAIN-SUFFIX,t.l.qq.com
- DOMAIN-SUFFIX,us.l.qq.com
- DOMAIN-SUFFIX,p.l.qq.com
- DOMAIN-SUFFIX,vd6.l.qq.com
- DOMAIN-SUFFIX,w.l.qq.com
- DOMAIN-SUFFIX,vi.l.qq.com
- DOMAIN-SUFFIX,adsfile.qq.com
- DOMAIN-SUFFIX,snowflake.qq.com
- DOMAIN-SUFFIX,aegis.qq.com
- DOMAIN-SUFFIX,qqdata.ab.qq.com
- DOMAIN-SUFFIX,monitor.uu.qq.com
- DOMAIN-SUFFIX,commdata.v.qq.com
- DOMAIN-SUFFIX,appcfg.v.qq.com
- DOMAIN-SUFFIX,ws.sj.qq.com
- DOMAIN-SUFFIX,adslvfile.qq.com
- DOMAIN-SUFFIX,file.daihuo.qq.com
- DOMAIN-SUFFIX,pms.mb.qq.com
- DOMAIN-SUFFIX,monitor.music.qq.com
- DOMAIN-SUFFIX,beaconcdn.qq.com
- DOMAIN-SUFFIX,rdelivery.qq.com
- DOMAIN-SUFFIX,tdc.qq.com
- DOMAIN-SUFFIX,sngmta.qq.com
- DOMAIN-SUFFIX,c.gj.qq.com
- DOMAIN-SUFFIX,report.tv.kohesport.qq.com
- DOMAIN-SUFFIX,pcm-img.zhls.qq.com
- DOMAIN-SUFFIX,bsrv.qq.com
- DOMAIN-SUFFIX,trace.qq.com
- DOMAIN-SUFFIX,masdkv6.3g.qq.com
- DOMAIN-SUFFIX,beacon.qq.com
- DOMAIN-SUFFIX,api-access.pangolin-sdk-toutiao3.com
- DOMAIN-SUFFIX,dig-cfg.wtzw.com
- DOMAIN-SUFFIX,ad.wtzw.com
- DOMAIN-SUFFIX,tjjs.wtzw.com
- DOMAIN-SUFFIX,tj-adc.wtzw.com
- DOMAIN-SUFFIX,t-cfg.wtzw.com
- DOMAIN-SUFFIX,mkt.wtzw.com
- DOMAIN-SUFFIX,analytics.google.com
- DOMAIN-SUFFIX,ogads-pa.clients6.google.com
- DOMAIN-SUFFIX,adservice.google.com
- DOMAIN-SUFFIX,events.reddit.com
- DOMAIN-SUFFIX,search5-search.ixigua.com
- DOMAIN-SUFFIX,api5-normal-quic-lf.ixigua.com
- DOMAIN-SUFFIX,search.ixigua.com
- DOMAIN-SUFFIX,search3-search.ixigua.com
- DOMAIN-SUFFIX,search5-search-hl.ixigua.com
- DOMAIN-SUFFIX,event.dashisx.com
- DOMAIN-SUFFIX,adv.sec.miui.com
- DOMAIN-SUFFIX,logupdate.avlyun.sec.miui.com
- DOMAIN-SUFFIX,update.avlyun.sec.miui.com
- DOMAIN-SUFFIX,staging-notify.sec.miui.com
- DOMAIN-SUFFIX,notify.sec.miui.com
- DOMAIN-SUFFIX,hot.browser.miui.com
- DOMAIN-SUFFIX,tracking.miui.com
- DOMAIN-SUFFIX,adv.sec.intl.miui.com
- DOMAIN-SUFFIX,tracking.rus.miui.com
- DOMAIN-SUFFIX,cnlogs.umengcloud.com
- DOMAIN-SUFFIX,ulogs.umengcloud.com
- DOMAIN-SUFFIX,chengzijianzhana.com
- DOMAIN-SUFFIX,sf16-static.i18n-pglstatp.com
- DOMAIN-SUFFIX,ad-sdk-config.youdao.com
- DOMAIN-SUFFIX,gorgon.youdao.com
- DOMAIN-SUFFIX,ad.zhuanzhuan.com
- DOMAIN-SUFFIX,adsfileretry.service.kugou.com
- DOMAIN-SUFFIX,ads.service.kugou.com
- DOMAIN-SUFFIX,adsfile20.bssdlbig.kugou.com
- DOMAIN-SUFFIX,adsfile.bssdlbig.kugou.com
- DOMAIN-SUFFIX,adsfilebssdlbig.ali.kugou.com
- DOMAIN-SUFFIX,log.stat.kugou.com
- DOMAIN-SUFFIX,mobilelog.kugou.com
- DOMAIN-SUFFIX,logwebs.kugou.com
- DOMAIN-SUFFIX,logtj.kugou.com
- DOMAIN-SUFFIX,collect.kugou.com
- DOMAIN-SUFFIX,log.web.kugou.com
- DOMAIN-SUFFIX,adserviceretry.kugou.com
- DOMAIN-SUFFIX,jswebcollects.kugou.com
- DOMAIN-SUFFIX,bdapi-ads.realmemobile.com
- DOMAIN-SUFFIX,bdapi-in-ads.realmemobile.com
- DOMAIN-SUFFIX,hw-p2p-pull.video-voip.com
- DOMAIN-SUFFIX,adx-bj.anythinktech.com
- DOMAIN-SUFFIX,cn-api.anythinktech.com
- DOMAIN-SUFFIX,adx-os.anythinktech.com
- DOMAIN-SUFFIX,api.anythinktech.com
- DOMAIN-SUFFIX,adx-bj-req.anythinktech.com
- DOMAIN-SUFFIX,adx-cn.anythinktech.com
- DOMAIN-SUFFIX,tk.anythinktech.com
- DOMAIN-SUFFIX,da.anythinktech.com
- DOMAIN-SUFFIX,pglstatp-toutiao.com
- DOMAIN-SUFFIX,ads-jp.tiktok.com
- DOMAIN-SUFFIX,analytics-sg.tiktok.com
- DOMAIN-SUFFIX,ads-api.tiktok.com
- DOMAIN-SUFFIX,ads.tiktok.com
- DOMAIN-SUFFIX,ads-sg.tiktok.com
- DOMAIN-SUFFIX,business-api.tiktok.com
- DOMAIN-SUFFIX,analytics.tiktok.com
- DOMAIN-SUFFIX,ad.bwton.com
- DOMAIN-SUFFIX,dlogs.bwton.com
- DOMAIN-SUFFIX,weilayun.com
- DOMAIN-SUFFIX,ulogs.umeng.com
- DOMAIN-SUFFIX,alogus.umeng.com
- DOMAIN-SUFFIX,ccs.umeng.com
- DOMAIN-SUFFIX,plbslog.umeng.com
- DOMAIN-SUFFIX,utoken.umeng.com
- DOMAIN-SUFFIX,audid.umeng.com
- DOMAIN-SUFFIX,cnlogs.umeng.com
- DOMAIN-SUFFIX,aspect-upush.umeng.com
- DOMAIN-SUFFIX,alog.umeng.com
- DOMAIN-SUFFIX,aaid.umeng.com
- DOMAIN-SUFFIX,resolve.umeng.com
- DOMAIN-SUFFIX,events.redditmedia.com
- DOMAIN-SUFFIX,adx.ads.heytapmobi.com
- DOMAIN-SUFFIX,stg-data.ads.heytapmobi.com
- DOMAIN-SUFFIX,ck.ads.heytapmobi.com
- DOMAIN-SUFFIX,uapi.ads.heytapmobi.com
- DOMAIN-SUFFIX,bdapi.ads.heytapmobi.com
- DOMAIN-SUFFIX,b1-data.ads.heytapmobi.com
- DOMAIN-SUFFIX,ssp-adx.ads.heytapmobi.com
- DOMAIN-SUFFIX,virusinfo-cloudscan-cn.heytapmobi.com
- DOMAIN-SUFFIX,miaozhen.com
- DOMAIN-SUFFIX,log.zijieapi.com
- DOMAIN-SUFFIX,ads5-normal.zijieapi.com
- DOMAIN-SUFFIX,ads3-normal-lf.zijieapi.com
- DOMAIN-SUFFIX,abtest3-misc-lq.zijieapi.com
- DOMAIN-SUFFIX,ma.zijieapi.com
- DOMAIN-SUFFIX,abtest3-misc-hl.zijieapi.com
- DOMAIN-SUFFIX,gecko.zijieapi.com
- DOMAIN-SUFFIX,ads3-normal-lq.zijieapi.com
- DOMAIN-SUFFIX,ads5-normal-lq.zijieapi.com
- DOMAIN-SUFFIX,applog.zijieapi.com
- DOMAIN-SUFFIX,ads3-normal.zijieapi.com
- DOMAIN-SUFFIX,rtlog.zijieapi.com
- DOMAIN-SUFFIX,minigame.zijieapi.com
- DOMAIN-SUFFIX,ads3-normal-hl.zijieapi.com
- DOMAIN-SUFFIX,mon.zijieapi.com
- DOMAIN-SUFFIX,tnc0-bjlgy.zijieapi.com
- DOMAIN-SUFFIX,ads5-normal-lf.zijieapi.com
- DOMAIN-SUFFIX,ad.zijieapi.com
- DOMAIN-SUFFIX,ads5-normal-hl.zijieapi.com
- DOMAIN-SUFFIX,mssdk.zijieapi.com
- DOMAIN-SUFFIX,adsmind.gdtimg.com
- DOMAIN-SUFFIX,qzs.gdtimg.com
- DOMAIN-SUFFIX,review.gdtimg.com
- DOMAIN-SUFFIX,public.gdtimg.com
- DOMAIN-SUFFIX,monitor-pro.digitalcloudshield.com
- DOMAIN-SUFFIX,adsp.xunlei.com
- DOMAIN-SUFFIX,hybrid.miniapp.taobao.com
- DOMAIN-SUFFIX,baichuan-sdk.taobao.com
- DOMAIN-SUFFIX,h-adashx.ut.taobao.com
- DOMAIN-SUFFIX,adashxgc.ut.taobao.com
- DOMAIN-SUFFIX,adashbc.ut.taobao.com
- DOMAIN-SUFFIX,h-adashx4bc.ut.taobao.com
- DOMAIN-SUFFIX,audid-api.taobao.com
- DOMAIN-SUFFIX,mos.m.taobao.com
- DOMAIN-SUFFIX,umengacs.m.taobao.com
- DOMAIN-SUFFIX,amdcopen.m.taobao.com
- DOMAIN-SUFFIX,adashx.m.taobao.com
- DOMAIN-SUFFIX,s.click.taobao.com
- DOMAIN-SUFFIX,wcp.taobao.com
- DOMAIN-SUFFIX,cpro.baidustatic.com
- DOMAIN-SUFFIX,browser.sentry-cdn.com
- DOMAIN-SUFFIX,applovin.com
- DOMAIN-SUFFIX,bdapi.ads.oppomobile.com
- DOMAIN-SUFFIX,data.ads.oppomobile.com
- DOMAIN-SUFFIX,sms.ads.oppomobile.com
- DOMAIN-SUFFIX,cm.ads.oppomobile.com
- DOMAIN-SUFFIX,adx.ads.oppomobile.com
- DOMAIN-SUFFIX,ck.ads.oppomobile.com
- DOMAIN-SUFFIX,httpdns.ocloud.oppomobile.com
- DOMAIN-SUFFIX,adx.oppomobile.com
- DOMAIN-SUFFIX,adsfs.oppomobile.com
- DOMAIN-SUFFIX,analytics.rayjump.com
- DOMAIN-SUFFIX,opehs.tanx.com
- DOMAIN-SUFFIX,ef-dongfeng.tanx.com
- DOMAIN-SUFFIX,na61-na62.wagbridge.advertisement.tanx.com
- DOMAIN-SUFFIX,et.tanx.com
- DOMAIN-SUFFIX,videoproxy.tanx.com
- DOMAIN-SUFFIX,task.tanx.com
- DOMAIN-SUFFIX,ifs.tanx.com
- DOMAIN-SUFFIX,sdk-config.tanx.com
- DOMAIN-SUFFIX,adsfs-sdkconfig.heytapimage.com
- DOMAIN-SUFFIX,adsfs.heytapimage.com
- DOMAIN-SUFFIX,img-c.heytapimage.com
- DOMAIN-SUFFIX,adsbdfs.heytapimage.com
- DOMAIN-SUFFIX,cdn-ads.oss-cn-shanghai.aliyuncs.com
- DOMAIN-SUFFIX,o2o-ad-dev.oss-cn-shanghai.aliyuncs.com
- DOMAIN-SUFFIX,beacon-api.aliyuncs.com
- DOMAIN-SUFFIX,market-ad.oss-cn-shenzhen.aliyuncs.com
- DOMAIN-SUFFIX,market-ad.oss-accelerate.aliyuncs.com
- DOMAIN-SUFFIX,adexpo.tencentmusic.com
- DOMAIN-SUFFIX,adcdn.tencentmusic.com
- DOMAIN-SUFFIX,adstats.tencentmusic.com
- DOMAIN-SUFFIX,adclick.tencentmusic.com
- DOMAIN-SUFFIX,ad.tencentmusic.com
- DOMAIN-SUFFIX,qn-cdnfile1pcdn.msstatic.com
- DOMAIN-SUFFIX,livewebbs2pcdn.msstatic.com
- DOMAIN-SUFFIX,ubixioe.com
- DOMAIN-SUFFIX,opencdnpddvod2.jomodns.com
- DOMAIN-SUFFIX,ykad-gateway.youku.com
- DOMAIN-SUFFIX,m.atm.youku.com
- DOMAIN-SUFFIX,adx-open-service.youku.com
- DOMAIN-SUFFIX,ykad-data.youku.com
- DOMAIN-SUFFIX,ad.api.3g.youku.com
- DOMAIN-SUFFIX,yk-ssp.ad.youku.com
- DOMAIN-SUFFIX,grs.hicloud.com
- DOMAIN-SUFFIX,logservice.hicloud.com
- DOMAIN-SUFFIX,data.hicloud.com
- DOMAIN-SUFFIX,logbak.hicloud.com
- DOMAIN-SUFFIX,logservice1.hicloud.com
- DOMAIN-SUFFIX,ads.yahoo.com
- DOMAIN-SUFFIX,log.fc.yahoo.com
- DOMAIN-SUFFIX,udc.yahoo.com
- DOMAIN-SUFFIX,udcm.yahoo.com
- DOMAIN-SUFFIX,analytics.yahoo.com
- DOMAIN-SUFFIX,ads.auctions.yahoo.com
- DOMAIN-SUFFIX,geo.yahoo.com
- DOMAIN-SUFFIX,advertising.yahoo.com
- DOMAIN-SUFFIX,analytics.query.yahoo.com
- DOMAIN-SUFFIX,partnerads.ysm.yahoo.com
- DOMAIN-SUFFIX,gemini.yahoo.com
- DOMAIN-SUFFIX,t.adbiding.com
- DOMAIN-SUFFIX,sdkconf.adbiding.com
- DOMAIN-SUFFIX,sl.adbiding.com
- DOMAIN-SUFFIX,bid.adbiding.com
- DOMAIN-SUFFIX,a-qmad.qimao.com
- DOMAIN-SUFFIX,t-qmad.qimao.com
- DOMAIN-SUFFIX,iot-eu-logser.realme.com
- DOMAIN-SUFFIX,iot-logser.realme.com
- DOMAIN-SUFFIX,ads.games.laohu.com
- DOMAIN-SUFFIX,insights.hotjar.com
- DOMAIN-SUFFIX,identify.hotjar.com
- DOMAIN-SUFFIX,adm.hotjar.com
- DOMAIN-SUFFIX,careers.hotjar.com
- DOMAIN-SUFFIX,script.hotjar.com
- DOMAIN-SUFFIX,surveys.hotjar.com
- DOMAIN-SUFFIX,xoxo.xoxoimg.com
- DOMAIN-SUFFIX,optimus-ads.amap.com
- DOMAIN-SUFFIX,v6-adashx.ut.amap.com
- DOMAIN-SUFFIX,dualstack-logs.amap.com
- DOMAIN-SUFFIX,logs.amap.com
- DOMAIN-SUFFIX,apps.bytesfield.com
- DOMAIN-SUFFIX,scc.bytedance.com^||apps.bytesfield.com
- DOMAIN-SUFFIX,sessions.bugsnag.com
- DOMAIN-SUFFIX,notify.bugsnag.com
- DOMAIN-SUFFIX,app.bugsnag.com
- DOMAIN-SUFFIX,api.bugsnag.com
- DOMAIN-SUFFIX,beta2-ad-open-api.test.gifshow.com
- DOMAIN-SUFFIX,style-browse-openapi.test.gifshow.com
- DOMAIN-SUFFIX,gdfp.gifshow.com
- DOMAIN-SUFFIX,ad.partner.gifshow.com
- DOMAIN-SUFFIX,ulogjs.gifshow.com
- DOMAIN-SUFFIX,log-sdk.gifshow.com
- DOMAIN-SUFFIX,ulog-sdk.gifshow.com
- DOMAIN-SUFFIX,ad-splash-tracking.hktvmall.com
- DOMAIN-SUFFIX,live-api.hktvmall.com
- DOMAIN-SUFFIX,ad-splash.hktvmall.com
- DOMAIN-SUFFIX,hugelog.fcbox.com
- DOMAIN-SUFFIX,dsp.fcbox.com
- DOMAIN-SUFFIX,adapi.izuiyou.com
- DOMAIN-SUFFIX,adstat.izuiyou.com
- DOMAIN-SUFFIX,skdisplay.jd.com
- DOMAIN-SUFFIX,mapi.m.jd.com
- DOMAIN-SUFFIX,dsp-x.jd.com
- DOMAIN-SUFFIX,janapi.jd.com
- DOMAIN-SUFFIX,chat1.jd.com
- DOMAIN-SUFFIX,wn.x.jd.com
- DOMAIN-SUFFIX,ccc-x.jd.com
- DOMAIN-SUFFIX,orbit.jd.com
- DOMAIN-SUFFIX,addata.jd.com
- DOMAIN-SUFFIX,adx.jd.com
- DOMAIN-SUFFIX,knicks.jd.com
- DOMAIN-SUFFIX,kepler.jd.com
- DOMAIN-SUFFIX,xlog.jd.com
- DOMAIN-SUFFIX,uranus.jd.com
- DOMAIN-SUFFIX,img-x.jd.com
- DOMAIN-SUFFIX,dgstatic.jd.com
- DOMAIN-SUFFIX,settings.ttwebview.com
- DOMAIN-SUFFIX,samsungads.com
- DOMAIN-SUFFIX,s1.cdn-sg.advlion.com
- DOMAIN-SUFFIX,bj-td-menta-01-callback.advlion.com
- DOMAIN-SUFFIX,adx-saas.advlion.com
- DOMAIN-SUFFIX,td-nexus.advlion.com
- DOMAIN-SUFFIX,ads.lejuliang.com
- DOMAIN-SUFFIX,ads.pubmatic.com
- DOMAIN-SUFFIX,sentry.music.163.com
- DOMAIN-SUFFIX,iad.g.163.com
- DOMAIN-SUFFIX,nex.163.com
- DOMAIN-SUFFIX,tdsdk.xdrig.com
- DOMAIN-SUFFIX,p3-tt.byteimg.com
- DOMAIN-SUFFIX,ads-video-qc.xhscdn.com
- DOMAIN-SUFFIX,ads-video-al.xhscdn.com
- DOMAIN-SUFFIX,ads-img-qc.xhscdn.com
- DOMAIN-SUFFIX,ads-img-al.xhscdn.com
- DOMAIN-SUFFIX,securemetrics.apple.com
- DOMAIN-SUFFIX,weather-analytics-events.apple.com
- DOMAIN-SUFFIX,iadsdk.apple.com
- DOMAIN-SUFFIX,api-adservices.apple.com
- DOMAIN-SUFFIX,iadworkbench.apple.com
- DOMAIN-SUFFIX,books-analytics-events.apple.com
- DOMAIN-SUFFIX,notes-analytics-events.apple.com
- DOMAIN-SUFFIX,iad.apple.com
- DOMAIN-SUFFIX,proxy.advp.apple.com
- DOMAIN-SUFFIX,advertising.apple.com
- DOMAIN-SUFFIX,adstore-1252524079.file.myqcloud.com
- DOMAIN-SUFFIX,adstore-index-1252524079.file.myqcloud.com
- DOMAIN-SUFFIX,ads-video-1251524319.cos.ap-shanghai.myqcloud.com
- DOMAIN-SUFFIX,crash2.zhihu.com
- DOMAIN-SUFFIX,zhihu-web-analytics.zhihu.com
- DOMAIN-SUFFIX,8rn1y79f02-1.algolianet.com
- DOMAIN-SUFFIX,medproad.com
- DOMAIN-SUFFIX,biz.weibo.com
- DOMAIN-SUFFIX,adimg.uve.weibo.com
- DOMAIN-SUFFIX,bootpreload.uve.weibo.com
- DOMAIN-SUFFIX,datacollection.uve.weibo.com
- DOMAIN-SUFFIX,sdkapp.uve.weibo.com
- DOMAIN-SUFFIX,ad.weibo.com
- DOMAIN-SUFFIX,watson.telemetry.microsoft.com
- DOMAIN-SUFFIX,bingads.microsoft.com
- DOMAIN-SUFFIX,watson.microsoft.com
- DOMAIN-SUFFIX,mobile.events.data.microsoft.com
- DOMAIN-SUFFIX,c.kuaiduizuoye.com
- DOMAIN-SUFFIX,ad.toutiao.com
- DOMAIN-SUFFIX,dm.toutiao.com
- DOMAIN-SUFFIX,monsetting.toutiao.com
- DOMAIN-SUFFIX,mon.toutiao.com
- DOMAIN-SUFFIX,pre-sdk-config.alibaba-inc.com
- DOMAIN-SUFFIX,line.txwlwwvvimg.com
- DOMAIN-SUFFIX,adtech.yahooinc.com
- DOMAIN-SUFFIX,gromore.pangolin-sdk-toutiao.com
- DOMAIN-SUFFIX,api-access.pangolin-sdk-toutiao.com
- DOMAIN-SUFFIX,httpdns.bcelive.com
- DOMAIN-SUFFIX,log-verify.dutils.com
- DOMAIN-SUFFIX,api.hzsanjiaomao.com
- DOMAIN-SUFFIX,sdk.hzsanjiaomao.com
- DOMAIN-SUFFIX,dailygn.com
- DOMAIN-SUFFIX,nmetrics.samsung.com
- DOMAIN-SUFFIX,smetrics.samsung.com
- DOMAIN-SUFFIX,stats.wp.com
- DOMAIN-SUFFIX,log.byteoversea.com
- DOMAIN-SUFFIX,shouji.sogou.com
- DOMAIN-SUFFIX,abtest-ch.snssdk.com
- DOMAIN-SUFFIX,i.snssdk.com
- DOMAIN-SUFFIX,log.snssdk.com
- DOMAIN-SUFFIX,open.snssdk.com
- DOMAIN-SUFFIX,applog.snssdk.com
- DOMAIN-SUFFIX,tnc3-alisc1.snssdk.com
- DOMAIN-SUFFIX,tnc3-aliec2.snssdk.com
- DOMAIN-SUFFIX,pangolin.snssdk.com
- DOMAIN-SUFFIX,rtapplog.snssdk.com
- DOMAIN-SUFFIX,rtlog.snssdk.com
- DOMAIN-SUFFIX,mon.snssdk.com
- DOMAIN-SUFFIX,tnc3-bjlgy.snssdk.com
- DOMAIN-SUFFIX,crash.snssdk.com
- DOMAIN-SUFFIX,adsdk.9imobi.com
- DOMAIN-SUFFIX,luckyorange.com
- DOMAIN-SUFFIX,tx-p2p-pull.live-voip.com
- DOMAIN-SUFFIX,cloooud.com
- DOMAIN-SUFFIX,adsmind.gdtimg.com.svideolego-dk.sched.dcloudstc.com
- DOMAIN-SUFFIX,tuiguang.meitu.com
- DOMAIN-SUFFIX,adui.tg.meitu.com
- DOMAIN-SUFFIX,sdkconf.avlyun.com
- DOMAIN-SUFFIX,miav-cse.avlyun.com
- DOMAIN-SUFFIX,log.avlyun.com
- DOMAIN-SUFFIX,miui-fxcse.avlyun.com
- DOMAIN-SUFFIX,ixav-cse.avlyun.com
- DOMAIN-SUFFIX,usr-api.yunxish.com
- DOMAIN-SUFFIX,rcv.yunxish.com
- DOMAIN-SUFFIX,v2.yunxish.com
- DOMAIN-SUFFIX,cpc-service-square.yunxish.com
- DOMAIN-SUFFIX,logrcv.yunxish.com
- DOMAIN-SUFFIX,sdk-ab-config.yunxish.com
- DOMAIN-SUFFIX,api.yunxish.com
- DOMAIN-SUFFIX,cdn.yunxish.com
- DOMAIN-SUFFIX,tracelog-debug.yunxish.com
- DOMAIN-SUFFIX,sigmob.com
- DOMAIN-SUFFIX,ads.themoneytizer.com
- DOMAIN-SUFFIX,v3-ad.video.yximgs.com
- DOMAIN-SUFFIX,v2-ad.video.yximgs.com
- DOMAIN-SUFFIX,v1-ad.video.yximgs.com
- DOMAIN-SUFFIX,tx-kmpaudio.pull.yximgs.com
- DOMAIN-SUFFIX,ks-p2p-v2.pull.yximgs.com
- DOMAIN-SUFFIX,ali-p2p-v2.pull.yximgs.com
- DOMAIN-SUFFIX,ks.pull.yximgs.com
- DOMAIN-SUFFIX,tx-p2p-v2.pull.yximgs.com
- DOMAIN-SUFFIX,ks-p2p.pull.yximgs.com
- DOMAIN-SUFFIX,hw-p2p.pull.yximgs.com
- DOMAIN-SUFFIX,tx-ad.a.yximgs.com
- DOMAIN-SUFFIX,ali-ad.a.yximgs.com
- DOMAIN-SUFFIX,hw-ot-ad.a.yximgs.com
- DOMAIN-SUFFIX,ali2.a.yximgs.com
- DOMAIN-SUFFIX,pcdn.yximgs.com
- DOMAIN-SUFFIX,t-cfg.52qumao.com
- DOMAIN-SUFFIX,api-adx.52qumao.com
- DOMAIN-SUFFIX,api-cfg.52qumao.com
- DOMAIN-SUFFIX,ad-drs.52qumao.com
- DOMAIN-SUFFIX,api-eas.52qumao.com
- DOMAIN-SUFFIX,ad-drs-ipv6.52qumao.com
- DOMAIN-SUFFIX,t-adx.52qumao.com
- DOMAIN-SUFFIX,ad.e.kuaishou.com
- DOMAIN-SUFFIX,open.e.kuaishou.com
- DOMAIN-SUFFIX,api.e.kuaishou.com
- DOMAIN-SUFFIX,frontend-perf-service.e.kuaishou.com
- DOMAIN-SUFFIX,promotion-partner.kuaishou.com
- DOMAIN-SUFFIX,multi-az-ad.kuaishou.com
- DOMAIN-SUFFIX,adv-api.shenshiads.com
- DOMAIN-SUFFIX,ad.shenshiads.com
- DOMAIN-SUFFIX,m.shenshiads.com
- DOMAIN-SUFFIX,open-set-api.shenshiads.com
- DOMAIN-SUFFIX,apiyd.my91app.com
- DOMAIN-SUFFIX,ads.iosappsworld.com
- DOMAIN-SUFFIX,catalog.gamepass.com
- DOMAIN-SUFFIX,omgmta.play.aiseet.atianqi.com
- DOMAIN-SUFFIX,otheve.play.aiseet.atianqi.com
- DOMAIN-SUFFIX,andrqd.play.aiseet.atianqi.com
- DOMAIN-SUFFIX,monitor-uu.play.aiseet.atianqi.com
- DOMAIN-SUFFIX,sdkconfig.play.aiseet.atianqi.com
- DOMAIN-SUFFIX,sv-video.play.aiseet.atianqi.com
- DOMAIN-SUFFIX,lives.l.aiseet.atianqi.com
- DOMAIN-SUFFIX,livep.l.aiseet.atianqi.com
- DOMAIN-SUFFIX,aiseet.aa.atianqi.com
- DOMAIN-SUFFIX,advertising-api.amazon.com
- DOMAIN-SUFFIX,advertising-api-eu.amazon.com
- DOMAIN-SUFFIX,advertising-api-fe.amazon.com
- DOMAIN-SUFFIX,adx.domobcdn.com
- DOMAIN-SUFFIX,r.domobcdn.com
- DOMAIN-SUFFIX,api-access.pangolin-sdk-toutiao-b.com
- DOMAIN-SUFFIX,mlog.bigda.com
- DOMAIN-SUFFIX,hlog.bigda.com
- DOMAIN-SUFFIX,union-mlog.bigda.com
- DOMAIN-SUFFIX,adcolony.com
- DOMAIN-SUFFIX,fclog.baidu.com
- DOMAIN-SUFFIX,als.baidu.com
- DOMAIN-SUFFIX,entry.baidu.com
- DOMAIN-SUFFIX,fxgate.baidu.com
- DOMAIN-SUFFIX,nadvideo2.baidu.com
- DOMAIN-SUFFIX,union.baidu.com
- DOMAIN-SUFFIX,pos.baidu.com
- DOMAIN-SUFFIX,luimg.baidu.com
- DOMAIN-SUFFIX,hmma.baidu.com
- DOMAIN-SUFFIX,hm.baidu.com
- DOMAIN-SUFFIX,mobads.baidu.com
- DOMAIN-SUFFIX,leads.baidu.com
- DOMAIN-SUFFIX,cbjs.baidu.com
- DOMAIN-SUFFIX,bgg.baidu.com
- DOMAIN-SUFFIX,eclick.baidu.com
- DOMAIN-SUFFIX,mtj.baidu.com
- DOMAIN-SUFFIX,dxp.baidu.com
- DOMAIN-SUFFIX,bes-mtj.baidu.com
- DOMAIN-SUFFIX,mobads-logs.baidu.com
- DOMAIN-SUFFIX,tnc3-bjlgy.bytedance.com
- DOMAIN-SUFFIX,scc.bytedance.com
- DOMAIN-SUFFIX,tnc3-aliec2.bytedance.com
- DOMAIN-SUFFIX,tnc3-alisc1.bytedance.com
- DOMAIN-SUFFIX,mobaliyun.res.mgtv.com
- DOMAIN-SUFFIX,mobile.da.mgtv.com
- DOMAIN-SUFFIX,irc.qubiankeji.com
- DOMAIN-SUFFIX,api.th.wanzjhb.com
- DOMAIN-SUFFIX,ad.qingcigame.com
- DOMAIN-SUFFIX,1500022744.vodplayer.wxamedia.com
- DOMAIN-SUFFIX,1500020991.vodplayer.wxamedia.com
- DOMAIN-SUFFIX,1500026601.vodplayer.wxamedia.com
- DOMAIN-SUFFIX,google-analytics.com
- DOMAIN-SUFFIX,mouseflow.com
- DOMAIN-SUFFIX,p4-lm.adukwai.com
- DOMAIN-SUFFIX,p1-lm.adukwai.com
- DOMAIN-SUFFIX,log.aispeech.com
- DOMAIN-SUFFIX,stat.dongqiudi.com
- DOMAIN-SUFFIX,sensors-log.dongqiudi.com
- DOMAIN-SUFFIX,ap.dongqiudi.com
- DOMAIN-SUFFIX,mbdlog.iqiyi.com
- DOMAIN-SUFFIX,tpa-hcdn.iqiyi.com
- DOMAIN-SUFFIX,ifacelog.iqiyi.com
- DOMAIN-SUFFIX,static-s.iqiyi.com
- DOMAIN-SUFFIX,flnet.com
- DOMAIN-SUFFIX,ads-drcn.platform.hihonorcloud.com
- DOMAIN-SUFFIX,metrics-ad-drcn.dt.hihonorcloud.com
- DOMAIN-SUFFIX,p3-lm.adkwai.com
- DOMAIN-SUFFIX,p2-lm.adkwai.com
- DOMAIN-SUFFIX,p1-lm.adkwai.com
- DOMAIN-SUFFIX,p66-ad.adkwai.com
- DOMAIN-SUFFIX,saxysec.com
- DOMAIN-SUFFIX,ad.mcloud.139.com
- DOMAIN-SUFFIX,g-adnet.hiaiabc.com
- DOMAIN-SUFFIX,m-adnet.hiaiabc.com
- DOMAIN-SUFFIX,log-verify.hiaiabc.com
- DOMAIN-SUFFIX,api-gd.hiaiabc.com
- DOMAIN-SUFFIX,pkoplink.com
- DOMAIN-SUFFIX,toblog.ctobsnssdk.com
- DOMAIN-SUFFIX,success.ctobsnssdk.com
- DOMAIN-SUFFIX,ads.chuanmeixing.com
- DOMAIN-SUFFIX,firebaselogging-pa.googleapis.com
- DOMAIN-SUFFIX,crashlyticsreports-pa.googleapis.com
- DOMAIN-SUFFIX,sentry-app.ireader.com
- DOMAIN-SUFFIX,log.ireader.com
- DOMAIN-SUFFIX,alicoccdnct-xn.inter.71edge.com
- DOMAIN-SUFFIX,bdcdncnc.inter.71edge.com
- DOMAIN-SUFFIX,alicoccdncnc-xn.inter.71edge.com
- DOMAIN-SUFFIX,adsbid.leadmoad.com
- DOMAIN-SUFFIX,ads-bid.leadmoad.com
- DOMAIN-SUFFIX,tracker.gitee.com
- DOMAIN-SUFFIX,aiclk.com
- DOMAIN-SUFFIX,ecombdpage.com
- DOMAIN-SUFFIX,adsmind.ugdtimg.com
- DOMAIN-SUFFIX,pgdt.ugdtimg.com
- DOMAIN-SUFFIX,dm.kantsuu.com
- DOMAIN-SUFFIX,ipv4.kkmh.com
- DOMAIN-SUFFIX,houyi.kkmh.com
- DOMAIN-SUFFIX,v66-ad.ndcjl.com
- DOMAIN-SUFFIX,tr-asia.adsmoloco.com
- DOMAIN-SUFFIX,cdn-f.adsmoloco.com
- DOMAIN-SUFFIX,ads.ubestkid.com
- DOMAIN-SUFFIX,api.ssp.xcultur.com
- DOMAIN-SUFFIX,api.fu.xcultur.com
- DOMAIN-SUFFIX,ads.95516.com
- DOMAIN-SUFFIX,p10528-ad-server.ejoy.com
- DOMAIN-SUFFIX,vungle.com
- DOMAIN-SUFFIX,analytics.pinterest.com
- DOMAIN-SUFFIX,widgets.pinterest.com
- DOMAIN-SUFFIX,log.pinterest.com
- DOMAIN-SUFFIX,trk.pinterest.com
- DOMAIN-SUFFIX,ads.pinterest.com
- DOMAIN-SUFFIX,c.evidon.com
- DOMAIN-SUFFIX,images.outbrainimg.com
- DOMAIN-SUFFIX,metrics.icloud.com
- DOMAIN-SUFFIX,s.adxvip.com
- DOMAIN-SUFFIX,ad.baihemob.com
- DOMAIN-SUFFIX,sdk.mobads.adwangmai.com
- DOMAIN-SUFFIX,adx.adwangmai.com
- DOMAIN-SUFFIX,www.9129666tp.com
- DOMAIN-SUFFIX,xycdn.com
- DOMAIN-SUFFIX,log-upload-os.hoyoverse.com
- DOMAIN-SUFFIX,ad.bczcdn.com
- DOMAIN-SUFFIX,domain.aishengji.com
- DOMAIN-SUFFIX,imp.ads.rgyun.com
- DOMAIN-SUFFIX,c.ads.rgyun.com
- DOMAIN-SUFFIX,awemeughun.com
- DOMAIN-SUFFIX,adx-strategy-api-cn.statisticslinks.com
- DOMAIN-SUFFIX,adx-bj.statisticslinks.com
- DOMAIN-SUFFIX,ad.cctv.com
- DOMAIN-SUFFIX,ad.gameley.com
- DOMAIN-SUFFIX,lemon.gameley.com
- DOMAIN-SUFFIX,ads.huantest.com
- DOMAIN-SUFFIX,outlookads.live.com
- DOMAIN-SUFFIX,tpc.googlesyndication-cn.com
- DOMAIN-SUFFIX,m.ad.zhangyue.com
- DOMAIN-SUFFIX,ad.oceanengine.com.queniukw.com
- DOMAIN-SUFFIX,is.snssdk.com.queniukw.com
- DOMAIN-SUFFIX,log.iflytek.com
- DOMAIN-SUFFIX,ads.youtube.com
- DOMAIN-SUFFIX,ad.99jiasu.com
- DOMAIN-SUFFIX,rt.applvn.com
- DOMAIN-SUFFIX,ms.applvn.com
- DOMAIN-SUFFIX,d.applvn.com
- DOMAIN-SUFFIX,ms4.applvn.com
- DOMAIN-SUFFIX,chengzijianzhan.com
- DOMAIN-SUFFIX,browser.events.data.msn.com
- DOMAIN-SUFFIX,jinritemai.com
- DOMAIN-SUFFIX,tu.mt20230625tu.com
- DOMAIN-SUFFIX,sdk-ab-config.qquanquan.com
- DOMAIN-SUFFIX,tracelog-debug.qquanquan.com
- DOMAIN-SUFFIX,analytics-api.samsunghealthcn.com
- DOMAIN-SUFFIX,mssdk.volces.com
- DOMAIN-SUFFIX,googleadservices.com
- DOMAIN-SUFFIX,mads.meituan.com
- DOMAIN-SUFFIX,w1.gskwai.com
- DOMAIN-SUFFIX,rtb.adxsenmeng.com
- DOMAIN-SUFFIX,monitor.adxsenmeng.com
- DOMAIN-SUFFIX,ecombdapi.com
- DOMAIN-SUFFIX,szbdyd.com
- DOMAIN-SUFFIX,catalog.fjwhcbsh.com
- DOMAIN-SUFFIX,ads.servebom.com
- DOMAIN-SUFFIX,api-ad-product.huxiu.com
- DOMAIN-SUFFIX,log-api-mn.huxiu.com
- DOMAIN-SUFFIX,log-api.huxiu.com
- DOMAIN-SUFFIX,log-upload.mihoyo.com
- DOMAIN-SUFFIX,api-access.pangolin-sdk-toutiao4.com
- DOMAIN-SUFFIX,adsmartgetqtt.guangtuikeji.com
- DOMAIN-SUFFIX,adapi.yynetwk.com
- DOMAIN-SUFFIX,8le8le.com
- DOMAIN-SUFFIX,websgsadvert.sanguosha.com
- DOMAIN-SUFFIX,in.treasuredata.com
- DOMAIN-SUFFIX,g-staic.ganjingworld.com
- DOMAIN-SUFFIX,an.facebook.com
- DOMAIN-SUFFIX,pixel.facebook.com
- DOMAIN-SUFFIX,impression.appsflyer.com
- DOMAIN-SUFFIX,skadsdk.appsflyer.com
- DOMAIN-SUFFIX,target.ads.jihuoniao.com
- DOMAIN-SUFFIX,qmlog.baertt.com
- DOMAIN-SUFFIX,t-exc.jiuyue919.com
- DOMAIN-SUFFIX,sdk.cferw.com
- DOMAIN-SUFFIX,tnc3-alisc1.zijieapi.com.queniuyk.com
- DOMAIN-SUFFIX,api-access.pangolin-sdk-toutiao.com.queniuyk.com
- DOMAIN-SUFFIX,ads.ishansong.com
- DOMAIN-SUFFIX,webstat.qiumibao.com
- DOMAIN-SUFFIX,adtago.s3.amazonaws.com
- DOMAIN-SUFFIX,analytics.s3.amazonaws.com
- DOMAIN-SUFFIX,advice-ads.s3.amazonaws.com
- DOMAIN-SUFFIX,analyticsengine.s3.amazonaws.com
- DOMAIN-SUFFIX,adtracker.adfunlink.com
- DOMAIN-SUFFIX,ads.adfunlink.com
- DOMAIN-SUFFIX,mktadsodr.ppdai.com
- DOMAIN-SUFFIX,auction.unityads.unity3d.com
- DOMAIN-SUFFIX,config.unityads.unity3d.com
- DOMAIN-SUFFIX,adserver.unityads.unity3d.com
- DOMAIN-SUFFIX,webview.unityads.unity3d.com
- DOMAIN-SUFFIX,o.iads.unity3d.com
- DOMAIN-SUFFIX,ae.iads.unity3d.com
- DOMAIN-SUFFIX,o-sdk.mediation.unity3d.com
- DOMAIN-SUFFIX,1rtb.com
- DOMAIN-SUFFIX,ads.v3mh.com
- DOMAIN-SUFFIX,ad.v3mh.com
- DOMAIN-SUFFIX,xlviiirdr.com
- DOMAIN-SUFFIX,cnzz.com
- DOMAIN-SUFFIX,v6-novelapp-nxyd.fqnovelvod.com
- DOMAIN-SUFFIX,adse.ximalaya.com
- DOMAIN-SUFFIX,adsebs.ximalaya.com
- DOMAIN-SUFFIX,adse.test.ximalaya.com
- DOMAIN-SUFFIX,adse.wsa.ximalaya.com
- DOMAIN-SUFFIX,ad.ximalaya.com
- DOMAIN-SUFFIX,analytics.pointdrive.linkedin.com
- DOMAIN-SUFFIX,ads.linkedin.com
- DOMAIN-SUFFIX,aqyad.com
- DOMAIN-SUFFIX,adashx.ut.dingtalk.com
- DOMAIN-SUFFIX,h-adashx.ut.dingtalk.com
- DOMAIN-SUFFIX,t-dsp.pinduoduo.com
- DOMAIN-SUFFIX,mnqlog.ldmnq.com
- DOMAIN-SUFFIX,badjs.weixinbridge.com
- DOMAIN-SUFFIX,kl.67it.com
- DOMAIN-SUFFIX,report.shunchangzhixing.com
- DOMAIN-SUFFIX,ad.shunchangzhixing.com
- DOMAIN-SUFFIX,analytics.oceanengine.com
- DOMAIN-SUFFIX,ad.oceanengine.com
- DOMAIN-SUFFIX,leads.oceanengine.com
- DOMAIN-SUFFIX,brand.oceanengine.com
- DOMAIN-SUFFIX,clue.oceanengine.com
- DOMAIN-SUFFIX,lf-event-manager.oceanengine.com
- DOMAIN-SUFFIX,awemeugsoul.com
- DOMAIN-SUFFIX,smartad.10010.com
- DOMAIN-SUFFIX,fancyapi.com
- DOMAIN-SUFFIX,ks.ferlytc.com
- DOMAIN-SUFFIX,bj.ad.track.66mobi.com
- DOMAIN-SUFFIX,a-remad.qm989.com
- DOMAIN-SUFFIX,a-qmad.qm989.com
- DOMAIN-SUFFIX,a6-remad.qm989.com
- DOMAIN-SUFFIX,t-remad.qm989.com
- DOMAIN-SUFFIX,m1.ad.10010.com.w.cdngslb.com
- DOMAIN-SUFFIX,ad.oceanengine.com.w.cdngslb.com
- DOMAIN-SUFFIX,v6-adashx.ut.cainiao.com
- DOMAIN-SUFFIX,adashx.ut.cainiao.com
- DOMAIN-SUFFIX,h-adashx.ut.cainiao.com
- DOMAIN-SUFFIX,dm.video.weibocdn.com
- DOMAIN-SUFFIX,syh.zybang.com
- DOMAIN-SUFFIX,ad.51wnl.com
- DOMAIN-SUFFIX,api.touch-moblie.com
- DOMAIN-SUFFIX,xcx.dcad01.com
- DOMAIN-SUFFIX,engine.dcad01.com
- DOMAIN-SUFFIX,v2-api-channel-launcher.hismarttv.com
- DOMAIN-SUFFIX,upgrade-update.hismarttv.com
- DOMAIN-SUFFIX,cdn-plugin-sync-upgrade-juui.hismarttv.com
- DOMAIN-SUFFIX,t002.ottcn.com
- DOMAIN-SUFFIX,ads.ysepay.com
- DOMAIN-SUFFIX,klink.volceapplog.com
- DOMAIN-SUFFIX,s364-ad-canl5.nbjz.db9w.com
- DOMAIN-SUFFIX,ap.dongdianqiu.com
- DOMAIN-SUFFIX,adstudio.spotify.com
- DOMAIN-SUFFIX,heads-fa.spotify.com
- DOMAIN-SUFFIX,log1.cmpassport.com
- DOMAIN-SUFFIX,yfanads.com
- DOMAIN-SUFFIX,api-nxs-v4.mentamob.com
- DOMAIN-SUFFIX,api-v3.mentamob.com
- DOMAIN-SUFFIX,wdr160gz.dayugslb.com
- DOMAIN-SUFFIX,uhabo.com
- DOMAIN-SUFFIX,litchiads.com
- DOMAIN-SUFFIX,adjust.com
- DOMAIN-SUFFIX,sdkoptedge.chinanetcenter.com
- DOMAIN-SUFFIX,widgets.outbrain.com
- DOMAIN-SUFFIX,adservice.huawei.com
- DOMAIN-SUFFIX,ads.huawei.com
- DOMAIN-SUFFIX,xmadsdk.cos.tx.xmcdn.com
- DOMAIN-SUFFIX,pcdn.xmcdn.com
- DOMAIN-SUFFIX,thefatherofsalmon.com
- DOMAIN-SUFFIX,c.bidtoolads.com
- DOMAIN-SUFFIX,ad-trace.lenovomm.com
- DOMAIN-SUFFIX,ad-sdk.lenovomm.com
- DOMAIN-SUFFIX,mbads.paas.cmbchina.com
- DOMAIN-SUFFIX,o2o-ad-log-gateway.alibaba.com
- DOMAIN-SUFFIX,log-report.com
- DOMAIN-SUFFIX,app-measurement.com
- DOMAIN-SUFFIX,mpcfg.fancydsp.com
- DOMAIN-SUFFIX,openadapi.fancydsp.com
- DOMAIN-SUFFIX,mores.toponad.com
- DOMAIN-SUFFIX,pangolin-sdk-toutiao1.com
- DOMAIN-SUFFIX,app.getsentry.com
- DOMAIN-SUFFIX,tnc3-aliec1.toutiaoapi.com
- DOMAIN-SUFFIX,tnc3-aliec2.toutiaoapi.com
- DOMAIN-SUFFIX,tnc3-bjlgy.toutiaoapi.com
- DOMAIN-SUFFIX,tnc3-alisc1.toutiaoapi.com
- DOMAIN-SUFFIX,statics.woozooo.com
- DOMAIN-SUFFIX,analytics.woozooo.com
- DOMAIN-SUFFIX,api-ad-data.kajicam.com
- DOMAIN-SUFFIX,zjres-ad.kajicam.com
- DOMAIN-SUFFIX,api-ad.kajicam.com
- DOMAIN-SUFFIX,event.tradplusad.com
- DOMAIN-SUFFIX,ads-sdk-api.ranfenghd.com
- DOMAIN-SUFFIX,tvuser-ch.cedock.com
- DOMAIN-SUFFIX,adm.funshion.com
- DOMAIN-SUFFIX,adserving-oss.bangdao-tech.com
- DOMAIN-SUFFIX,afs.googlesyndication.com
- DOMAIN-SUFFIX,pagead2.googlesyndication.com
- DOMAIN-SUFFIX,tpc.googlesyndication.com
- DOMAIN-SUFFIX,slb-p2p.vcloud.ks-live.com
- DOMAIN-SUFFIX,api-access.pangolin-sdk-toutiao2.com
- DOMAIN-SUFFIX,log-sdk.ksapisrv.com
- DOMAIN-SUFFIX,iadsdk.qtlcdn.com
- DOMAIN-SUFFIX,api.kingdata.ksyun.com
- DOMAIN-SUFFIX,open.kwaizt.com
- DOMAIN-SUFFIX,static.ads-twitter.com
- DOMAIN-SUFFIX,game.loveota.com
- DOMAIN-SUFFIX,data-ads.oneplusmobile.com
- DOMAIN-SUFFIX,video-dsp.pddpic.com
- DOMAIN-SUFFIX,opencdnpddpic2.cdn.vsjwtcdn.com
- DOMAIN-SUFFIX,aqdz149.com
- DOMAIN-SUFFIX,api-ad-adapter-sg.wps.com
- DOMAIN-SUFFIX,googleadservices-cn.com
- DOMAIN-SUFFIX,adsdk.state.duoku.com
- DOMAIN-SUFFIX,stun.hitv.com
- DOMAIN-SUFFIX,cdn-cbd-advert-prod.shuxinyc.com
- DOMAIN-SUFFIX,ads.chinaums.com
- DOMAIN-SUFFIX,hexagon-analytics.com
- DOMAIN-SUFFIX,mobilelog.upqzfile.com
- DOMAIN-SUFFIX,ads-shopping.shouqianba.com
- DOMAIN-SUFFIX,adsmart.konka.com
- DOMAIN-SUFFIX,freshmarketer.com
- DOMAIN-SUFFIX,api.adserver.jvmai.com
- DOMAIN-SUFFIX,baichuan-sdk.alicdn.com
- DOMAIN-SUFFIX,vegslb.com
- DOMAIN-SUFFIX,hye.comp.360os.com
- DOMAIN-SUFFIX,hyt.comp.360os.com
- DOMAIN-SUFFIX,de.tynt.com
- DOMAIN-SUFFIX,w1.askwai.com
- DOMAIN-SUFFIX,iyfbodn.com
- DOMAIN-SUFFIX,micro-xdb.com
- DOMAIN-SUFFIX,adguanggao.eee114.com
- DOMAIN-SUFFIX,ads.raidrive.com
- DOMAIN-SUFFIX,bianxian.com
- DOMAIN-SUFFIX,xlviirdr.com
- DOMAIN-SUFFIX,ggx03.miguvideo.com
- DOMAIN-SUFFIX,clog.miguvideo.com
- DOMAIN-SUFFIX,ggx01.miguvideo.com
- DOMAIN-SUFFIX,googletagservices-cn.com
- DOMAIN-SUFFIX,hanlanad.com
- DOMAIN-SUFFIX,pmp-ad.cdn.bcebos.com
- DOMAIN-SUFFIX,mobads-pre-config.cdn.bcebos.com
- DOMAIN-SUFFIX,api.statsig.com
- DOMAIN-SUFFIX,pig.pupuapi.com
- DOMAIN-SUFFIX,s.amazon-adsystem.com
- DOMAIN-SUFFIX,ads.aralego.com
- DOMAIN-SUFFIX,chengzijianzhanb.com
- DOMAIN-SUFFIX,metrics.mzstatic.com
- DOMAIN-SUFFIX,w1.kskwai.com
- DOMAIN-SUFFIX,ad-scope.com
- DOMAIN-SUFFIX,aqdlt.com
- DOMAIN-SUFFIX,ads-api-o.api.leiniao.com
- DOMAIN-SUFFIX,aqdz91.com
- DOMAIN-SUFFIX,moatads.com
- DOMAIN-SUFFIX,umini.shujupie.com
- DOMAIN-SUFFIX,ad-monitor.sh9130.com
- DOMAIN-SUFFIX,volcsirius.com
- DOMAIN-SUFFIX,ad.xunkids.com
- DOMAIN-SUFFIX,ads.sunmaker.com
- DOMAIN-SUFFIX,uu5512uu.com
- DOMAIN-SUFFIX,analyze.lemurbrowser.com
- DOMAIN-SUFFIX,ad.xmmnsl.com
- DOMAIN-SUFFIX,cross-ad-api.afunapp.com
- DOMAIN-SUFFIX,adx.halomobi.com
- DOMAIN-SUFFIX,csjplatform.com
- DOMAIN-SUFFIX,beacons.gvt2.com
- DOMAIN-SUFFIX,open.kuaishouzt.com
- DOMAIN-SUFFIX,data.chsmarttv.com
- DOMAIN-SUFFIX,config.chsmarttv.com
- DOMAIN-SUFFIX,log.amemv.com
- DOMAIN-SUFFIX,ad.letmeads.com
- DOMAIN-SUFFIX,ad-ga.nocode.com
- DOMAIN-SUFFIX,ads-api.twitter.com
- DOMAIN-SUFFIX,agn.aty.sohu.com
- DOMAIN-SUFFIX,img.adnyg.com.w.kunlungr.com
- DOMAIN-SUFFIX,api-access.pangolin-sdk-toutiao5.com
- DOMAIN-SUFFIX,b2.ghj7l.com
- DOMAIN-SUFFIX,sdownload.stargame.com
- DOMAIN-SUFFIX,chiq-cloud.com
- DOMAIN-SUFFIX,mon.toutiaocloud.com
- DOMAIN-SUFFIX,o2o-ad-dev.oss-cn-shanghai.aliyuncs.com.gds.alibabadns.com
- DOMAIN-SUFFIX,img2.360buyimg.com
- DOMAIN-SUFFIX,api.jietuhb.com
- DOMAIN-SUFFIX,grs.dbankcloud.com
- DOMAIN-SUFFIX,syh-imp.cdnjtzy.com
- DOMAIN-SUFFIX,safebrowsing.urlsec.gg.com
- DOMAIN-SUFFIX,iadctest.qwapi.com
- DOMAIN-SUFFIX,click.googleanalytics.com
- DOMAIN-SUFFIX,uedas.qidian.com
- DOMAIN-SUFFIX,cdn.hpplay.com.cn
- DOMAIN-SUFFIX,ads-marketing-vivofs.vivo.com.cn
- DOMAIN-SUFFIX,st-adsgame.vivo.com.cn
- DOMAIN-SUFFIX,adsdk.vivo.com.cn
- DOMAIN-SUFFIX,risk-fp-openapi.vivo.com.cn
- DOMAIN-SUFFIX,st-ads-jssdk.vivo.com.cn
- DOMAIN-SUFFIX,adxlog-adnet.vivo.com.cn
- DOMAIN-SUFFIX,uapi-ads.vivo.com.cn
- DOMAIN-SUFFIX,res.hubcloud.com.cn
- DOMAIN-SUFFIX,sdktmp.hubcloud.com.cn
- DOMAIN-SUFFIX,res1.hubcloud.com.cn
- DOMAIN-SUFFIX,res3.hubcloud.com.cn
- DOMAIN-SUFFIX,v.adx.hubcloud.com.cn
- DOMAIN-SUFFIX,res2.hubcloud.com.cn
- DOMAIN-SUFFIX,api.htp.hubcloud.com.cn
- DOMAIN-SUFFIX,ads.cup.com.cn
- DOMAIN-SUFFIX,dm.wo.com.cn
- DOMAIN-SUFFIX,ssp-track.adn-plus.com.cn
- DOMAIN-SUFFIX,ad-api.adn-plus.com.cn
- DOMAIN-SUFFIX,adx-track.adn-plus.com.cn
- DOMAIN-SUFFIX,ad-scope.com.cn
- DOMAIN-SUFFIX,wxaintpcos.wxqcloud.qq.com.cn
- DOMAIN-SUFFIX,ad.winrar.com.cn
- DOMAIN-SUFFIX,adx.appsdk.com.cn
- DOMAIN-SUFFIX,sdk.markmedia.com.cn
- DOMAIN-SUFFIX,ads.bjlxin.cn
- DOMAIN-SUFFIX,rms-drcn.platform.dbankcloud.cn
- DOMAIN-SUFFIX,recommend-drcn.hms.dbankcloud.cn
- DOMAIN-SUFFIX,weather-community-drcn.weather.dbankcloud.cn
- DOMAIN-SUFFIX,browsercfg-drcn.cloud.dbankcloud.cn
- DOMAIN-SUFFIX,hwpub-s01-drcn.cloud.dbankcloud.cn
- DOMAIN-SUFFIX,adx-drcn.op.dbankcloud.cn
- DOMAIN-SUFFIX,events-drcn.op.dbankcloud.cn
- DOMAIN-SUFFIX,adsense.google.cn
- DOMAIN-SUFFIX,ads.google.cn
- DOMAIN-SUFFIX,vipgslb.hpplay.cn
- DOMAIN-SUFFIX,image.hpplay.cn
- DOMAIN-SUFFIX,sdkauth.hpplay.cn
- DOMAIN-SUFFIX,ad.hpplay.cn
- DOMAIN-SUFFIX,adeng.hpplay.cn
- DOMAIN-SUFFIX,gslb.hpplay.cn
- DOMAIN-SUFFIX,saas.hpplay.cn
- DOMAIN-SUFFIX,hotupgrade.hpplay.cn
- DOMAIN-SUFFIX,pin.hpplay.cn
- DOMAIN-SUFFIX,adc.hpplay.cn
- DOMAIN-SUFFIX,adks.hpplay.cn
- DOMAIN-SUFFIX,imdns.hpplay.cn
- DOMAIN-SUFFIX,rp.hpplay.cn
- DOMAIN-SUFFIX,adcdn.hpplay.cn
- DOMAIN-SUFFIX,rps.hpplay.cn
- DOMAIN-SUFFIX,vipauth.hpplay.cn
- DOMAIN-SUFFIX,adjust.cn
- DOMAIN-SUFFIX,ads.lejuliang.cn
- DOMAIN-SUFFIX,scs.openspeech.cn
- DOMAIN-SUFFIX,rtbcallback.sigmob.cn
- DOMAIN-SUFFIX,tm.sigmob.cn
- DOMAIN-SUFFIX,adservice.sigmob.cn
- DOMAIN-SUFFIX,dc.sigmob.cn
- DOMAIN-SUFFIX,s01.peplle.cn
- DOMAIN-SUFFIX,s.peplle.cn
- DOMAIN-SUFFIX,business-ad.cdn-go.cn
- DOMAIN-SUFFIX,cdn.iads.unitychina.cn
- DOMAIN-SUFFIX,configv2.unityads.unitychina.cn
- DOMAIN-SUFFIX,dyp2p-hw.douyucdn.cn
- DOMAIN-SUFFIX,p2plive-ali.douyucdn.cn
- DOMAIN-SUFFIX,p2pchunk-table.douyucdn.cn
- DOMAIN-SUFFIX,dyp2p-ali.douyucdn.cn
- DOMAIN-SUFFIX,newvoice.chiq5.smart-tv.cn
- DOMAIN-SUFFIX,adx-ad.smart-tv.cn
- DOMAIN-SUFFIX,mission-pub.smart-tv.cn
- DOMAIN-SUFFIX,launcher.smart-tv.cn
- DOMAIN-SUFFIX,launcherimg.smart-tv.cn
- DOMAIN-SUFFIX,adxserver.ad.cmvideo.cn
- DOMAIN-SUFFIX,ggx.cmvideo.cn
- DOMAIN-SUFFIX,telemetry-sdk-metrics.inmobi.cn
- DOMAIN-SUFFIX,union.w.inmobi.cn
- DOMAIN-SUFFIX,sdk-infra.inmobi.cn
- DOMAIN-SUFFIX,trc-sdk.inmobi.cn
- DOMAIN-SUFFIX,y4n.cn
- DOMAIN-SUFFIX,lh3.googleadsserving.cn
- DOMAIN-SUFFIX,service.vmos.cn
- DOMAIN-SUFFIX,ad.voiceads.cn
- DOMAIN-SUFFIX,api.voiceads.cn
- DOMAIN-SUFFIX,rtb.voiceads.cn
- DOMAIN-SUFFIX,msdk.voiceads.cn
- DOMAIN-SUFFIX,aem.dentsuchina.cn
- DOMAIN-SUFFIX,ad-r.soulapp.cn
- DOMAIN-SUFFIX,roi.soulapp.cn
- DOMAIN-SUFFIX,ad-audit-provider.soulapp.cn
- DOMAIN-SUFFIX,soul-ad.soulapp.cn
- DOMAIN-SUFFIX,track.uc.cn
- DOMAIN-SUFFIX,downali.game.uc.cn
- DOMAIN-SUFFIX,applog-perf.uc.cn
- DOMAIN-SUFFIX,applog.uc.cn
- DOMAIN-SUFFIX,partner.uc.cn
- DOMAIN-SUFFIX,api.shanghailingye.cn
- DOMAIN-SUFFIX,adintl.cn
- DOMAIN-SUFFIX,wwads.cn
- DOMAIN-SUFFIX,jpush.cn
- DOMAIN-SUFFIX,huichuan.sm.cn
- DOMAIN-SUFFIX,ai.advertisement.alibabacorp.sm.cn
- DOMAIN-SUFFIX,sdk-log.partner.sm.cn
- DOMAIN-SUFFIX,content-understand-strategy.sm.cn
- DOMAIN-SUFFIX,image-ad.sm.cn
- DOMAIN-SUFFIX,video-ad.sm.cn
- DOMAIN-SUFFIX,hc-ssp.sm.cn
- DOMAIN-SUFFIX,huichuan-mc.sm.cn
- DOMAIN-SUFFIX,mobilead.kuwo.cn
- DOMAIN-SUFFIX,log.kuwo.cn
- DOMAIN-SUFFIX,ad.12306.cn
- DOMAIN-SUFFIX,adservice.aiyouaiyou.cn
- DOMAIN-SUFFIX,4a9.cn
- DOMAIN-SUFFIX,ad.k98y.cn
- DOMAIN-SUFFIX,statichf.shihuocdn.cn
- DOMAIN-SUFFIX,ugditui.cn
- DOMAIN-SUFFIX,log.vcgame.cn
- DOMAIN-SUFFIX,ytx-file.110route.cn
- DOMAIN-SUFFIX,v.110route.cn
- DOMAIN-SUFFIX,ads-lb.serving-sys.cn
- DOMAIN-SUFFIX,ads.serving-sys.cn
- DOMAIN-SUFFIX,u7x.cn
- DOMAIN-SUFFIX,adserviceretry.kglink.cn
- DOMAIN-SUFFIX,mkt-advertisement.tuhu.cn
- DOMAIN-SUFFIX,getui.cn
- DOMAIN-SUFFIX,adscfg.togothermany.cn
- DOMAIN-SUFFIX,click.oneplus.cn
- DOMAIN-SUFFIX,adx-track.domob.cn
- DOMAIN-SUFFIX,adsdk.richmob.cn
- DOMAIN-SUFFIX,ad.richmob.cn
- DOMAIN-SUFFIX,sdkapi.richmob.cn
- DOMAIN-SUFFIX,bjm.1vkx.cn
- DOMAIN-SUFFIX,ad.tk.cn
- DOMAIN-SUFFIX,vlion.cn
- DOMAIN-SUFFIX,adtrack.quark.cn
- DOMAIN-SUFFIX,track.lc.quark.cn
- DOMAIN-SUFFIX,applog.lc.quark.cn
- DOMAIN-SUFFIX,ad.cyapi.cn
- DOMAIN-SUFFIX,tagtic.cn
- DOMAIN-SUFFIX,zhangyuyidong.cn
- DOMAIN-SUFFIX,analysis.yozocloud.cn
- DOMAIN-SUFFIX,union.baidu.cn
- DOMAIN-SUFFIX,advert.swiftpass.cn
- DOMAIN-SUFFIX,analysis.chatglm.cn
- DOMAIN-SUFFIX,adview.cn
- DOMAIN-SUFFIX,3p4.cn
- DOMAIN-SUFFIX,ads.zhinengxiyifang.cn
- DOMAIN-SUFFIX,adx.sogaha.cn
- DOMAIN-SUFFIX,lm10111.jtrincc.cn
- DOMAIN-SUFFIX,jiguang.cn
- DOMAIN-SUFFIX,www.pangle.cn
- DOMAIN-SUFFIX,pay.sboot.cn
- DOMAIN-SUFFIX,api.open.adsaide.cn
- DOMAIN-SUFFIX,gvideo.qpic.cn
- DOMAIN-SUFFIX,4pn.cn
- DOMAIN-SUFFIX,ads.lingyuexiu.cn
- DOMAIN-SUFFIX,telecome.cn
- DOMAIN-SUFFIX,pgdt.gtimg.cn
- DOMAIN-SUFFIX,adx.tuia.cn
- DOMAIN-SUFFIX,c.etoolads.cn
- DOMAIN-SUFFIX,ads.uutest.cn
- DOMAIN-SUFFIX,multi-az-ad.kuaishou.cn
- DOMAIN-SUFFIX,open.e.kuaishou.cn
- DOMAIN-SUFFIX,bdad.123pan.cn
- DOMAIN-SUFFIX,browser.events.data.msn.cn
- DOMAIN-SUFFIX,chengzijianzhan.cn
- DOMAIN-SUFFIX,zxid-m.mobileservice.cn
- DOMAIN-SUFFIX,ads.icloseli.cn
- DOMAIN-SUFFIX,downloadxml.changhong.upgrade2.huan.tv
- DOMAIN-SUFFIX,service.changhong.upgrade2.huan.tv
- DOMAIN-SUFFIX,download.changhong.upgrade2.huan.tv
- DOMAIN-SUFFIX,livemonitor.huan.tv
- DOMAIN-SUFFIX,log.appstore3.huan.tv
- DOMAIN-SUFFIX,adlink-api.huan.tv
- DOMAIN-SUFFIX,monitor-ads-test.huan.tv
- DOMAIN-SUFFIX,ads.huan.tv
- DOMAIN-SUFFIX,t7z.cupid.ptqy.gitv.tv
- DOMAIN-SUFFIX,sdk-cache.video.ptqy.gitv.tv
- DOMAIN-SUFFIX,policy.video.ptqy.gitv.tv
- DOMAIN-SUFFIX,liveats-vod.video.ptqy.gitv.tv
- DOMAIN-SUFFIX,s8t.teads.tv
- DOMAIN-SUFFIX,t1.teads.tv
- DOMAIN-SUFFIX,t.teads.tv
- DOMAIN-SUFFIX,ads.superawesome.tv
- DOMAIN-SUFFIX,edge.ads.twitch.tv
- DOMAIN-SUFFIX,update.lejiao.tv
- DOMAIN-SUFFIX,adclick.g.doubleclick.net
- DOMAIN-SUFFIX,stats.g.doubleclick.net
- DOMAIN-SUFFIX,googleads.g.doubleclick.net
- DOMAIN-SUFFIX,securepubads.g.doubleclick.net
- DOMAIN-SUFFIX,static.doubleclick.net
- DOMAIN-SUFFIX,mediavisor.doubleclick.net
- DOMAIN-SUFFIX,ad.doubleclick.net
- DOMAIN-SUFFIX,m.doubleclick.net
- DOMAIN-SUFFIX,zlsdk.1rtb.net
- DOMAIN-SUFFIX,s.1rtb.net
- DOMAIN-SUFFIX,sdk.1rtb.net
- DOMAIN-SUFFIX,extmaps-api.yandex.net
- DOMAIN-SUFFIX,offerwall.yandex.net
- DOMAIN-SUFFIX,iluckysf.net
- DOMAIN-SUFFIX,apd-pcdnwxlogin.teg.tencent-cloud.net
- DOMAIN-SUFFIX,apd-pcdnwxnat.teg.tencent-cloud.net
- DOMAIN-SUFFIX,apd-pcdnwxstat.teg.tencent-cloud.net
- DOMAIN-SUFFIX,nosup-jd1.127.net
- DOMAIN-SUFFIX,ads3.fingersoft.net
- DOMAIN-SUFFIX,partnerads-test.ysm.yahoo.net
- DOMAIN-SUFFIX,mini-prog-drm.vodplayvideo.net
- DOMAIN-SUFFIX,luckysf.net
- DOMAIN-SUFFIX,supply.inmobicdn.net
- DOMAIN-SUFFIX,i.l-new.inmobicdn.net
- DOMAIN-SUFFIX,i.l.inmobicdn.net
- DOMAIN-SUFFIX,settings.luckyorange.net
- DOMAIN-SUFFIX,upload.luckyorange.net
- DOMAIN-SUFFIX,cs.luckyorange.net
- DOMAIN-SUFFIX,statsigapi.net
- DOMAIN-SUFFIX,dig.bdurl.net
- DOMAIN-SUFFIX,sdkconfig.ad.xiaomi.com.mshome.net
- DOMAIN-SUFFIX,tdsdk.cpatrk.net
- DOMAIN-SUFFIX,pl.cp31.ott.cibntv.net
- DOMAIN-SUFFIX,ykad-data.cp31.ott.cibntv.net
- DOMAIN-SUFFIX,yk-ssp-ad.cp31.ott.cibntv.net
- DOMAIN-SUFFIX,doubleclick-cn.net
- DOMAIN-SUFFIX,mon.toutiaocloud.net
- DOMAIN-SUFFIX,ads5-normal-lq.zijieapi.com.c.dsa.cdnbuild.net
- DOMAIN-SUFFIX,heads-ak.spotify.com.edgesuite.net
- DOMAIN-SUFFIX,iadmusicmat.music.126.net
- DOMAIN-SUFFIX,h5.analytics.126.net
- DOMAIN-SUFFIX,data-sdk-uuid-log.d.meituan.net
- DOMAIN-SUFFIX,samsung-com.112.2o7.net
- DOMAIN-SUFFIX,t.jmads.net
- DOMAIN-SUFFIX,smad.ms.zhangyue.net
- DOMAIN-SUFFIX,saad.ms.zhangyue.net
- DOMAIN-SUFFIX,media.net
- DOMAIN-SUFFIX,wildcard.moatads.com.edgekey.net
- DOMAIN-SUFFIX,chengzijianzhan.net
- DOMAIN-SUFFIX,line3-adscore-api.biligame.net
- DOMAIN-SUFFIX,open.oneplus.net
- DOMAIN-SUFFIX,share.jileme.net
- DOMAIN-SUFFIX,pixon.ads-pixiv.net
- DOMAIN-SUFFIX,sdk.ad.smaato.net
- DOMAIN-SUFFIX,v6-adashx.ut.ele.me
- DOMAIN-SUFFIX,sdk.alibaba.com.ailbaba.me
- DOMAIN-SUFFIX,adx-api.jinmo.tech
- DOMAIN-SUFFIX,img.mjhsghnwg.xyz
- DOMAIN-SUFFIX,ad-display.diwodiwo.xyz
- DOMAIN-SUFFIX,img.zhangilihew.xyz
- DOMAIN-SUFFIX,img.ayghbngnazh.xyz
- DOMAIN-SUFFIX,img.leiahngiuheong.xyz
- DOMAIN-SUFFIX,img.soweonglsh.xyz
- DOMAIN-SUFFIX,img.yuwhehan.xyz
- DOMAIN-SUFFIX,img.juhagngj.xyz
- DOMAIN-SUFFIX,img.shznegh.xyz
- DOMAIN-SUFFIX,img.wqpamgngnb.xyz
- DOMAIN-SUFFIX,img.huanagyehgn.xyz
- DOMAIN-SUFFIX,ncbtsdea.xyz
- DOMAIN-SUFFIX,img.syebgng.xyz
- DOMAIN-SUFFIX,xiedao.hk
- DOMAIN-SUFFIX,scenery.hk
- DOMAIN-SUFFIX,metrika.yandex.ru
- DOMAIN-SUFFIX,adfstat.yandex.ru
- DOMAIN-SUFFIX,advertising.yandex.ru
- DOMAIN-SUFFIX,adfox.yandex.ru
- DOMAIN-SUFFIX,appmetrica.yandex.ru
- DOMAIN-SUFFIX,ads.adfox.ru
- DOMAIN-SUFFIX,adserv.ontek.com.tr
- DOMAIN-SUFFIX,lbs.netease.im
- DOMAIN-SUFFIX,hpplay.cdn.cibn.cc
- DOMAIN-SUFFIX,chengzijianzhan.cc
- DOMAIN-SUFFIX,ads.api.fakeloc.cc
- DOMAIN-SUFFIX,rlog.popin.cc
- DOMAIN-SUFFIX,log.popin.cc
- DOMAIN-SUFFIX,ads.api.lerist.cc
- DOMAIN-SUFFIX,ads3-normal-lf.zijieapi.com.skyworth
- DOMAIN-SUFFIX,ads5-normal-lf.zijieapi.com.skyworth
- DOMAIN-SUFFIX,ad-cdn.qingting.fm
- DOMAIN-SUFFIX,ad.qingting.fm
- DOMAIN-SUFFIX,yh.yanghetp.vip
- DOMAIN-SUFFIX,beizi.biz
- DOMAIN-SUFFIX,adskp.org
- DOMAIN-SUFFIX,api.ad.xiaomi.coms
- DOMAIN-SUFFIX,ad.tianmu.mobi
- DOMAIN-SUFFIX,wv.inner-active.mobi
- DOMAIN-SUFFIX,adstudio-assets.scdn.co
- DOMAIN-SUFFIX,g2.ganjing.world
- DOMAIN-SUFFIX,x61.inyvf.top
- DOMAIN-SUFFIX,vjyaghdw.icu
- DOMAIN-SUFFIX,hlryzsqo.icu
- DOMAIN-SUFFIX,bcnsport.us
- DOMAIN-SUFFIX,adserver.html.it
- DOMAIN-SUFFIX,googleads.g.doubleclick.nes
- DOMAIN-SUFFIX,adsdkapi.dxys.pro
- DOMAIN-SUFFIX,kiwibrowser.org
- DOMAIN,img-c.heytapimage.com
- DOMAIN,adsbdfs.heytapimage.com
- DOMAIN,adsfs.heytapimage.com
- DOMAIN-KEYWORD,porn
- DOMAIN-KEYWORD,js96110
- DOMAIN-SUFFIX,googletagmanager.com
